
Microsoft Visual Studio Solution File, Format Version 12.00
# Visual Studio 15
VisualStudioVersion = 15.0.28307.1684
MinimumVisualStudioVersion = 10.0.40219.1
Project("{FAE04EC0-301F-11D3-BF4B-00C04F79EFBC}") = "FadlZad.2", "FadlZ\FadlZad.2.csproj", "{9DC6847A-B881-437E-B7C7-E06B5DA54945}"
EndProject
Global
	GlobalSection(SolutionConfigurationPlatforms) = preSolution
		Debug|Any CPU = Debug|Any CPU
		Release|Any CPU = Release|Any CPU
	EndGlobalSection
	GlobalSection(ProjectConfigurationPlatforms) = postSolution
		{9DC6847A-B881-437E-B7C7-E06B5DA54945}.Debug|Any CPU.ActiveCfg = Debug|Any CPU
		{9DC6847A-B881-437E-B7C7-E06B5DA54945}.Debug|Any CPU.Build.0 = Debug|Any CPU
		{9DC6847A-B881-437E-B7C7-E06B5DA54945}.Release|Any CPU.ActiveCfg = Release|Any CPU
		{9DC6847A-B881-437E-B7C7-E06B5DA54945}.Release|Any CPU.Build.0 = Release|Any CPU
	EndGlobalSection
	GlobalSection(SolutionProperties) = preSolution
		HideSolutionNode = FALSE
	EndGlobalSection
	GlobalSection(ExtensibilityGlobals) = postSolution
		SolutionGuid = {9D0F706F-3E6F-4283-8DC5-6DAF4E6EDEF4}
	EndGlobalSection
EndGlobal
